// !$*UTF8*$!
{
	archiveVersion = 1;
	classes = {
	};
	objectVersion = 56;
	objects = {

/* Begin PBXBuildFile section */
		A05F85552AD9D87300ABA1D8 /* IMCApp.swift in Sources */ = {isa = PBXBuildFile; fileRef = A05F85542AD9D87300ABA1D8 /* IMCApp.swift */; };
		A05F85572AD9D87300ABA1D8 /* ContentView.swift in Sources */ = {isa = PBXBuildFile; fileRef = A05F85562AD9D87300ABA1D8 /* ContentView.swift */; };
		A05F85592AD9D87400ABA1D8 /* Assets.xcassets in Resources */ = {isa = PBXBuildFile; fileRef = A05F85582AD9D87400ABA1D8 /* Assets.xcassets */; };
		A05F855C2AD9D87400ABA1D8 /* Preview Assets.xcassets in Resources */ = {isa = PBXBuildFile; fileRef = A05F855B2AD9D87400ABA1D8 /* Preview Assets.xcassets */; };
		A05F85662AD9FB7900ABA1D8 /* CompactSlider in Frameworks */ = {isa = PBXBuildFile; productRef = A05F85652AD9FB7900ABA1D8 /* CompactSlider */; };
		A05F856A2ADA128E00ABA1D8 /* ResultView.swift in Sources */ = {isa = PBXBuildFile; fileRef = A05F85692ADA128E00ABA1D8 /* ResultView.swift */; };
		A060CFC02ADDE79700DE6D0D /* CalculateIMC.swift in Sources */ = {isa = PBXBuildFile; fileRef = A060CFBF2ADDE79700DE6D0D /* CalculateIMC.swift */; };
		A060CFC92ADDFBCF00DE6D0D /* cover.png in Resources */ = {isa = PBXBuildFile; fileRef = A060CFC82ADDFBCF00DE6D0D /* cover.png */; };
/* End PBXBuildFile section */

/* Begin PBXFileReference section */
		A05F85512AD9D87300ABA1D8 /* IMC.app */ = {isa = PBXFileReference; explicitFileType = wrapper.application; includeInIndex = 0; path = IMC.app; sourceTree = BUILT_PRODUCTS_DIR; };
		A05F85542AD9D87300ABA1D8 /* IMCApp.swift */ = {isa = PBXFileReference; lastKnownFileType = sourcecode.swift; path = IMCApp.swift; sourceTree = "<group>"; };
		A05F85562AD9D87300ABA1D8 /* ContentView.swift */ = {isa = PBXFileReference; lastKnownFileType = sourcecode.swift; path = ContentView.swift; sourceTree = "<group>"; };
		A05F85582AD9D87400ABA1D8 /* Assets.xcassets */ = {isa = PBXFileReference; lastKnownFileType = folder.assetcatalog; path = Assets.xcassets; sourceTree = "<group>"; };
		A05F855B2AD9D87400ABA1D8 /* Preview Assets.xcassets */ = {isa = PBXFileReference; lastKnownFileType = folder.assetcatalog; path = "Preview Assets.xcassets"; sourceTree = "<group>"; };
		A05F85692ADA128E00ABA1D8 /* ResultView.swift */ = {isa = PBXFileReference; lastKnownFileType = sourcecode.swift; path = ResultView.swift; sourceTree = "<group>"; };
		A060CFBF2ADDE79700DE6D0D /* CalculateIMC.swift */ = {isa = PBXFileReference; lastKnownFileType = sourcecode.swift; path = CalculateIMC.swift; sourceTree = "<group>"; };
		A060CFC82ADDFBCF00DE6D0D /* cover.png */ = {isa = PBXFileReference; lastKnownFileType = image.png; name = cover.png; path = ../../../../Downloads/cover.png; sourceTree = "<group>"; };
/* End PBXFileReference section */

/* Begin PBXFrameworksBuildPhase section */
		A05F854E2AD9D87300ABA1D8 /* Frameworks */ = {
			isa = PBXFrameworksBuildPhase;
			buildActionMask = 2147483647;
			files = (
				A05F85662AD9FB7900ABA1D8 /* CompactSlider in Frameworks */,
			);
			runOnlyForDeploymentPostprocessing = 0;
		};
/* End PBXFrameworksBuildPhase section */

/* Begin PBXGroup section */
		A05F85482AD9D87300ABA1D8 = {
			isa = PBXGroup;
			children = (
				A05F85532AD9D87300ABA1D8 /* IMC */,
				A05F85522AD9D87300ABA1D8 /* Products */,
			);
			sourceTree = "<group>";
		};
		A05F85522AD9D87300ABA1D8 /* Products */ = {
			isa = PBXGroup;
			children = (
				A05F85512AD9D87300ABA1D8 /* IMC.app */,
			);
			name = Products;
			sourceTree = "<group>";
		};
		A05F85532AD9D87300ABA1D8 /* IMC */ = {
			isa = PBXGroup;
			children = (
				A060CFBE2ADC71D000DE6D0D /* Helpers */,
				A05F85682ADA0FF900ABA1D8 /* View */,
				A05F85582AD9D87400ABA1D8 /* Assets.xcassets */,
				A05F855A2AD9D87400ABA1D8 /* Preview Content */,
				A060CFC82ADDFBCF00DE6D0D /* cover.png */,
			);
			path = IMC;
			sourceTree = "<group>";
		};
		A05F855A2AD9D87400ABA1D8 /* Preview Content */ = {
			isa = PBXGroup;
			children = (
				A05F855B2AD9D87400ABA1D8 /* Preview Assets.xcassets */,
			);
			path = "Preview Content";
			sourceTree = "<group>";
		};
		A05F85682ADA0FF900ABA1D8 /* View */ = {
			isa = PBXGroup;
			children = (
				A05F85542AD9D87300ABA1D8 /* IMCApp.swift */,
				A05F85562AD9D87300ABA1D8 /* ContentView.swift */,
				A05F85692ADA128E00ABA1D8 /* ResultView.swift */,
			);
			path = View;
			sourceTree = "<group>";
		};
		A060CFBE2ADC71D000DE6D0D /* Helpers */ = {
			isa = PBXGroup;
			children = (
				A060CFBF2ADDE79700DE6D0D /* CalculateIMC.swift */,
			);
			path = Helpers;
			sourceTree = "<group>";
		};
/* End PBXGroup section */

/* Begin PBXNativeTarget section */
		A05F85502AD9D87300ABA1D8 /* IMC */ = {
			isa = PBXNativeTarget;
			buildConfigurationList = A05F855F2AD9D87400ABA1D8 /* Build configuration list for PBXNativeTarget "IMC" */;
			buildPhases = (
				A05F854D2AD9D87300ABA1D8 /* Sources */,
				A05F854E2AD9D87300ABA1D8 /* Frameworks */,
				A05F854F2AD9D87300ABA1D8 /* Resources */,
			);
			buildRules = (
			);
			dependencies = (
			);
			name = IMC;
			packageProductDependencies = (
				A05F85652AD9FB7900ABA1D8 /* CompactSlider */,
			);
			productName = IMC;
			productReference = A05F85512AD9D87300ABA1D8 /* IMC.app */;
			productType = "com.apple.product-type.application";
		};
/* End PBXNativeTarget section */

/* Begin PBXProject section */
		A05F85492AD9D87300ABA1D8 /* Project object */ = {
			isa = PBXProject;
			attributes = {
				BuildIndependentTargetsInParallel = 1;
				LastSwiftUpdateCheck = 1500;
				LastUpgradeCheck = 1500;
				TargetAttributes = {
					A05F85502AD9D87300ABA1D8 = {
						CreatedOnToolsVersion = 15.0;
					};
				};
			};
			buildConfigurationList = A05F854C2AD9D87300ABA1D8 /* Build configuration list for PBXProject "IMC" */;
			compatibilityVersion = "Xcode 14.0";
			developmentRegion = en;
			hasScannedForEncodings = 0;
			knownRegions = (
				en,
				Base,
			);
			mainGroup = A05F85482AD9D87300ABA1D8;
			packageReferences = (
				A05F85642AD9FB7900ABA1D8 /* XCRemoteSwiftPackageReference "CompactSlider" */,
			);
			productRefGroup = A05F85522AD9D87300ABA1D8 /* Products */;
			projectDirPath = "";
			projectRoot = "";
			targets = (
				A05F85502AD9D87300ABA1D8 /* IMC */,
			);
		};
/* End PBXProject section */

/* Begin PBXResourcesBuildPhase section */
		A05F854F2AD9D87300ABA1D8 /* Resources */ = {
			isa = PBXResourcesBuildPhase;
			buildActionMask = 2147483647;
			files = (
				A05F855C2AD9D87400ABA1D8 /* Preview Assets.xcassets in Resources */,
				A05F85592AD9D87400ABA1D8 /* Assets.xcassets in Resources */,
				A060CFC92ADDFBCF00DE6D0D /* cover.png in Resources */,
			);
			runOnlyForDeploymentPostprocessing = 0;
		};
/* End PBXResourcesBuildPhase section */

/* Begin PBXSourcesBuildPhase section */
		A05F854D2AD9D87300ABA1D8 /* Sources */ = {
			isa = PBXSourcesBuildPhase;
			buildActionMask = 2147483647;
			files = (
				A05F856A2ADA128E00ABA1D8 /* ResultView.swift in Sources */,
				A060CFC02ADDE79700DE6D0D /* CalculateIMC.swift in Sources */,
				A05F85572AD9D87300ABA1D8 /* ContentView.swift in Sources */,
				A05F85552AD9D87300ABA1D8 /* IMCApp.swift in Sources */,
			);
			runOnlyForDeploymentPostprocessing = 0;
		};
/* End PBXSourcesBuildPhase section */

/* Begin XCBuildConfiguration section */
		A05F855D2AD9D87400ABA1D8 /* Debug */ = {
			isa = XCBuildConfiguration;
			buildSettings = {
				ALWAYS_SEARCH_USER_PATHS = NO;
				ASSETCATALOG_COMPILER_GENERATE_SWIFT_ASSET_SYMBOL_EXTENSIONS = YES;
				CLANG_ANALYZER_NONNULL = YES;
				CLANG_ANALYZER_NUMBER_OBJECT_CONVERSION = YES_AGGRESSIVE;
				CLANG_CXX_LANGUAGE_STANDARD = "gnu++20";
				CLANG_ENABLE_MODULES = YES;
				CLANG_ENABLE_OBJC_ARC = YES;
				CLANG_ENABLE_OBJC_WEAK = YES;
				CLANG_WARN_BLOCK_CAPTURE_AUTORELEASING = YES;
				CLANG_WARN_BOOL_CONVERSION = YES;
				CLANG_WARN_COMMA = YES;
				CLANG_WARN_CONSTANT_CONVERSION = YES;
				CLANG_WARN_DEPRECATED_OBJC_IMPLEMENTATIONS = YES;
				CLANG_WARN_DIRECT_OBJC_ISA_USAGE = YES_ERROR;
				CLANG_WARN_DOCUMENTATION_COMMENTS = YES;
				CLANG_WARN_EMPTY_BODY = YES;
				CLANG_WARN_ENUM_CONVERSION = YES;
				CLANG_WARN_INFINITE_RECURSION = YES;
				CLANG_WARN_INT_CONVERSION = YES;
				CLANG_WARN_NON_LITERAL_NULL_CONVERSION = YES;
				CLANG_WARN_OBJC_IMPLICIT_RETAIN_SELF = YES;
				CLANG_WARN_OBJC_LITERAL_CONVERSION = YES;
				CLANG_WARN_OBJC_ROOT_CLASS = YES_ERROR;
				CLANG_WARN_QUOTED_INCLUDE_IN_FRAMEWORK_HEADER = YES;
				CLANG_WARN_RANGE_LOOP_ANALYSIS = YES;
				CLANG_WARN_STRICT_PROTOTYPES = YES;
				CLANG_WARN_SUSPICIOUS_MOVE = YES;
				CLANG_WARN_UNGUARDED_AVAILABILITY = YES_AGGRESSIVE;
				CLANG_WARN_UNREACHABLE_CODE = YES;
				CLANG_WARN__DUPLICATE_METHOD_MATCH = YES;
				COPY_PHASE_STRIP = NO;
				DEBUG_INFORMATION_FORMAT = dwarf;
				ENABLE_STRICT_OBJC_MSGSEND = YES;
				ENABLE_TESTABILITY = YES;
				ENABLE_USER_SCRIPT_SANDBOXING = YES;
				GCC_C_LANGUAGE_STANDARD = gnu17;
				GCC_DYNAMIC_NO_PIC = NO;
				GCC_NO_COMMON_BLOCKS = YES;
				GCC_OPTIMIZATION_LEVEL = 0;
				GCC_PREPROCESSOR_DEFINITIONS = (
					"DEBUG=1",
					"$(inherited)",
				);
				GCC_WARN_64_TO_32_BIT_CONVERSION = YES;
				GCC_WARN_ABOUT_RETURN_TYPE = YES_ERROR;
				GCC_WARN_UNDECLARED_SELECTOR = YES;
				GCC_WARN_UNINITIALIZED_AUTOS = YES_AGGRESSIVE;
				GCC_WARN_UNUSED_FUNCTION = YES;
				GCC_WARN_UNUSED_VARIABLE = YES;
				IPHONEOS_DEPLOYMENT_TARGET = 17.0;
				LOCALIZATION_PREFERS_STRING_CATALOGS = YES;
				MTL_ENABLE_DEBUG_INFO = INCLUDE_SOURCE;
				MTL_FAST_MATH = YES;
				ONLY_ACTIVE_ARCH = YES;
				SDKROOT = iphoneos;
				SWIFT_ACTIVE_COMPILATION_CONDITIONS = "DEBUG $(inherited)";
				SWIFT_OPTIMIZATION_LEVEL = "-Onone";
			};
			name = Debug;
		};
		A05F855E2AD9D87400ABA1D8 /* Release */ = {
			isa = XCBuildConfiguration;
			buildSettings = {
				ALWAYS_SEARCH_USER_PATHS = NO;
				ASSETCATALOG_COMPILER_GENERATE_SWIFT_ASSET_SYMBOL_EXTENSIONS = YES;
				CLANG_ANALYZER_NONNULL = YES;
				CLANG_ANALYZER_NUMBER_OBJECT_CONVERSION = YES_AGGRESSIVE;
				CLANG_CXX_LANGUAGE_STANDARD = "gnu++20";
				CLANG_ENABLE_MODULES = YES;
				CLANG_ENABLE_OBJC_ARC = YES;
				CLANG_ENABLE_OBJC_WEAK = YES;
				CLANG_WARN_BLOCK_CAPTURE_AUTORELEASING = YES;
				CLANG_WARN_BOOL_CONVERSION = YES;
				CLANG_WARN_COMMA = YES;
				CLANG_WARN_CONSTANT_CONVERSION = YES;
				CLANG_WARN_DEPRECATED_OBJC_IMPLEMENTATIONS = YES;
				CLANG_WARN_DIRECT_OBJC_ISA_USAGE = YES_ERROR;
				CLANG_WARN_DOCUMENTATION_COMMENTS = YES;
				CLANG_WARN_EMPTY_BODY = YES;
				CLANG_WARN_ENUM_CONVERSION = YES;
				CLANG_WARN_INFINITE_RECURSION = YES;
				CLANG_WARN_INT_CONVERSION = YES;
				CLANG_WARN_NON_LITERAL_NULL_CONVERSION = YES;
				CLANG_WARN_OBJC_IMPLICIT_RETAIN_SELF = YES;
				CLANG_WARN_OBJC_LITERAL_CONVERSION = YES;
				CLANG_WARN_OBJC_ROOT_CLASS = YES_ERROR;
				CLANG_WARN_QUOTED_INCLUDE_IN_FRAMEWORK_HEADER = YES;
				CLANG_WARN_RANGE_LOOP_ANALYSIS = YES;
				CLANG_WARN_STRICT_PROTOTYPES = YES;
				CLANG_WARN_SUSPICIOUS_MOVE = YES;
				CLANG_WARN_UNGUARDED_AVAILABILITY = YES_AGGRESSIVE;
				CLANG_WARN_UNREACHABLE_CODE = YES;
				CLANG_WARN__DUPLICATE_METHOD_MATCH = YES;
				COPY_PHASE_STRIP = NO;
				DEBUG_INFORMATION_FORMAT = "dwarf-with-dsym";
				ENABLE_NS_ASSERTIONS = NO;
				ENABLE_STRICT_OBJC_MSGSEND = YES;
				ENABLE_USER_SCRIPT_SANDBOXING = YES;
				GCC_C_LANGUAGE_STANDARD = gnu17;
				GCC_NO_COMMON_BLOCKS = YES;
				GCC_WARN_64_TO_32_BIT_CONVERSION = YES;
				GCC_WARN_ABOUT_RETURN_TYPE = YES_ERROR;
				GCC_WARN_UNDECLARED_SELECTOR = YES;
				GCC_WARN_UNINITIALIZED_AUTOS = YES_AGGRESSIVE;
				GCC_WARN_UNUSED_FUNCTION = YES;
				GCC_WARN_UNUSED_VARIABLE = YES;
				IPHONEOS_DEPLOYMENT_TARGET = 17.0;
				LOCALIZATION_PREFERS_STRING_CATALOGS = YES;
				MTL_ENABLE_DEBUG_INFO = NO;
				MTL_FAST_MATH = YES;
				SDKROOT = iphoneos;
				SWIFT_COMPILATION_MODE = wholemodule;
				VALIDATE_PRODUCT = YES;
			};
			name = Release;
		};
		A05F85602AD9D87400ABA1D8 /* Debug */ = {
			isa = XCBuildConfiguration;
			buildSettings = {
				ASSETCATALOG_COMPILER_APPICON_NAME = AppIcon;
				ASSETCATALOG_COMPILER_GLOBAL_ACCENT_COLOR_NAME = AccentColor;
				CODE_SIGN_STYLE = Automatic;
				CURRENT_PROJECT_VERSION = 1;
				DEVELOPMENT_ASSET_PATHS = "\"IMC/Preview Content\"";
				DEVELOPMENT_TEAM = 965UVX73GS;
				ENABLE_PREVIEWS = YES;
				GENERATE_INFOPLIST_FILE = YES;
				INFOPLIST_KEY_UIApplicationSceneManifest_Generation = YES;
				INFOPLIST_KEY_UIApplicationSupportsIndirectInputEvents = YES;
				INFOPLIST_KEY_UILaunchScreen_Generation = YES;
				INFOPLIST_KEY_UISupportedInterfaceOrientations_iPad = "UIInterfaceOrientationPortrait UIInterfaceOrientationPortraitUpsideDown UIInterfaceOrientationLandscapeLeft UIInterfaceOrientationLandscapeRight";
				INFOPLIST_KEY_UISupportedInterfaceOrientations_iPhone = "UIInterfaceOrientationPortrait UIInterfaceOrientationLandscapeLeft UIInterfaceOrientationLandscapeRight";
				LD_RUNPATH_SEARCH_PATHS = (
					"$(inherited)",
					"@executable_path/Frameworks",
				);
				MARKETING_VERSION = 1.0;
				PRODUCT_BUNDLE_IDENTIFIER = jessikamiranda.IMC;
				PRODUCT_NAME = "$(TARGET_NAME)";
				SWIFT_EMIT_LOC_STRINGS = YES;
				SWIFT_VERSION = 5.0;
				TARGETED_DEVICE_FAMILY = "1,2";
			};
			name = Debug;
		};
		A05F85612AD9D87400ABA1D8 /* Release */ = {
			isa = XCBuildConfiguration;
			buildSettings = {
				ASSETCATALOG_COMPILER_APPICON_NAME = AppIcon;
				ASSETCATALOG_COMPILER_GLOBAL_ACCENT_COLOR_NAME = AccentColor;
				CODE_SIGN_STYLE = Automatic;
				CURRENT_PROJECT_VERSION = 1;
				DEVELOPMENT_ASSET_PATHS = "\"IMC/Preview Content\"";
				DEVELOPMENT_TEAM = 965UVX73GS;
				ENABLE_PREVIEWS = YES;
				GENERATE_INFOPLIST_FILE = YES;
				INFOPLIST_KEY_UIApplicationSceneManifest_Generation = YES;
				INFOPLIST_KEY_UIApplicationSupportsIndirectInputEvents = YES;
				INFOPLIST_KEY_UILaunchScreen_Generation = YES;
				INFOPLIST_KEY_UISupportedInterfaceOrientations_iPad = "UIInterfaceOrientationPortrait UIInterfaceOrientationPortraitUpsideDown UIInterfaceOrientationLandscapeLeft UIInterfaceOrientationLandscapeRight";
				INFOPLIST_KEY_UISupportedInterfaceOrientations_iPhone = "UIInterfaceOrientationPortrait UIInterfaceOrientationLandscapeLeft UIInterfaceOrientationLandscapeRight";
				LD_RUNPATH_SEARCH_PATHS = (
					"$(inherited)",
					"@executable_path/Frameworks",
				);
				MARKETING_VERSION = 1.0;
				PRODUCT_BUNDLE_IDENTIFIER = jessikamiranda.IMC;
				PRODUCT_NAME = "$(TARGET_NAME)";
				SWIFT_EMIT_LOC_STRINGS = YES;
				SWIFT_VERSION = 5.0;
				TARGETED_DEVICE_FAMILY = "1,2";
			};
			name = Release;
		};
/* End XCBuildConfiguration section */

/* Begin XCConfigurationList section */
		A05F854C2AD9D87300ABA1D8 /* Build configuration list for PBXProject "IMC" */ = {
			isa = XCConfigurationList;
			buildConfigurations = (
				A05F855D2AD9D87400ABA1D8 /* Debug */,
				A05F855E2AD9D87400ABA1D8 /* Release */,
			);
			defaultConfigurationIsVisible = 0;
			defaultConfigurationName = Release;
		};
		A05F855F2AD9D87400ABA1D8 /* Build configuration list for PBXNativeTarget "IMC" */ = {
			isa = XCConfigurationList;
			buildConfigurations = (
				A05F85602AD9D87400ABA1D8 /* Debug */,
				A05F85612AD9D87400ABA1D8 /* Release */,
			);
			defaultConfigurationIsVisible = 0;
			defaultConfigurationName = Release;
		};
/* End XCConfigurationList section */

/* Begin XCRemoteSwiftPackageReference section */
		A05F85642AD9FB7900ABA1D8 /* XCRemoteSwiftPackageReference "CompactSlider" */ = {
			isa = XCRemoteSwiftPackageReference;
			repositoryURL = "https://github.com/buh/CompactSlider.git";
			requirement = {
				kind = upToNextMajorVersion;
				minimumVersion = 1.1.5;
			};
		};
/* End XCRemoteSwiftPackageReference section */

/* Begin XCSwiftPackageProductDependency section */
		A05F85652AD9FB7900ABA1D8 /* CompactSlider */ = {
			isa = XCSwiftPackageProductDependency;
			package = A05F85642AD9FB7900ABA1D8 /* XCRemoteSwiftPackageReference "CompactSlider" */;
			productName = CompactSlider;
		};
/* End XCSwiftPackageProductDependency section */
	};
	rootObject = A05F85492AD9D87300ABA1D8 /* Project object */;
}
